
Microsoft Visual Studio Solution File, Format Version 12.00
# Visual Studio Version 16
VisualStudioVersion = 16.0.29613.14
MinimumVisualStudioVersion = 10.0.40219.1
Project("{FAE04EC0-301F-11D3-BF4B-00C04F79EFBC}") = "CetBookStore", "CetBookStore\CetBookStore.csproj", "{158A5D25-037D-4D2C-B6BE-3C13A8E2179A}"
EndProject
Global
	GlobalSection(SolutionConfigurationPlatforms) = preSolution
		Debug|Any CPU = Debug|Any CPU
		Release|Any CPU = Release|Any CPU
	EndGlobalSection
	GlobalSection(ProjectConfigurationPlatforms) = postSolution
		{158A5D25-037D-4D2C-B6BE-3C13A8E2179A}.Debug|Any CPU.ActiveCfg = Debug|Any CPU
		{158A5D25-037D-4D2C-B6BE-3C13A8E2179A}.Debug|Any CPU.Build.0 = Debug|Any CPU
		{158A5D25-037D-4D2C-B6BE-3C13A8E2179A}.Release|Any CPU.ActiveCfg = Release|Any CPU
		{158A5D25-037D-4D2C-B6BE-3C13A8E2179A}.Release|Any CPU.Build.0 = Release|Any CPU
	EndGlobalSection
	GlobalSection(SolutionProperties) = preSolution
		HideSolutionNode = FALSE
	EndGlobalSection
	GlobalSection(ExtensibilityGlobals) = postSolution
		SolutionGuid = {813DFD4C-0CC6-4B99-8FAC-486CFD057E8B}
	EndGlobalSection
EndGlobal
